
Microsoft Visual Studio Solution File, Format Version 12.00
# Visual Studio 15
VisualStudioVersion = 15.0.27428.2037
MinimumVisualStudioVersion = 10.0.40219.1
Project("{FAE04EC0-301F-11D3-BF4B-00C04F79EFBC}") = "WindowsFormsApp1", "WindowsFormsApp1\WindowsFormsApp1.csproj", "{E96090E2-3531-4D33-8694-E3C8252B2D0A}"
EndProject
Project("{FAE04EC0-301F-11D3-BF4B-00C04F79EFBC}") = "Domain", "Domain\Domain.csproj", "{229652C7-11EA-4E09-BFDD-734E04C0A3C1}"
EndProject
Project("{FAE04EC0-301F-11D3-BF4B-00C04F79EFBC}") = "Session", "Session\Session.csproj", "{D1A55BCF-86AA-4BB4-9FAC-68D78DD45CC7}"
EndProject
Global
	GlobalSection(SolutionConfigurationPlatforms) = preSolution
		Debug|Any CPU = Debug|Any CPU
		Release|Any CPU = Release|Any CPU
	EndGlobalSection
	GlobalSection(ProjectConfigurationPlatforms) = postSolution
		{E96090E2-3531-4D33-8694-E3C8252B2D0A}.Debug|Any CPU.ActiveCfg = Debug|Any CPU
		{E96090E2-3531-4D33-8694-E3C8252B2D0A}.Debug|Any CPU.Build.0 = Debug|Any CPU
		{E96090E2-3531-4D33-8694-E3C8252B2D0A}.Release|Any CPU.ActiveCfg = Release|Any CPU
		{E96090E2-3531-4D33-8694-E3C8252B2D0A}.Release|Any CPU.Build.0 = Release|Any CPU
		{229652C7-11EA-4E09-BFDD-734E04C0A3C1}.Debug|Any CPU.ActiveCfg = Debug|Any CPU
		{229652C7-11EA-4E09-BFDD-734E04C0A3C1}.Debug|Any CPU.Build.0 = Debug|Any CPU
		{229652C7-11EA-4E09-BFDD-734E04C0A3C1}.Release|Any CPU.ActiveCfg = Release|Any CPU
		{229652C7-11EA-4E09-BFDD-734E04C0A3C1}.Release|Any CPU.Build.0 = Release|Any CPU
		{D1A55BCF-86AA-4BB4-9FAC-68D78DD45CC7}.Debug|Any CPU.ActiveCfg = Debug|Any CPU
		{D1A55BCF-86AA-4BB4-9FAC-68D78DD45CC7}.Debug|Any CPU.Build.0 = Debug|Any CPU
		{D1A55BCF-86AA-4BB4-9FAC-68D78DD45CC7}.Release|Any CPU.ActiveCfg = Release|Any CPU
		{D1A55BCF-86AA-4BB4-9FAC-68D78DD45CC7}.Release|Any CPU.Build.0 = Release|Any CPU
	EndGlobalSection
	GlobalSection(SolutionProperties) = preSolution
		HideSolutionNode = FALSE
	EndGlobalSection
	GlobalSection(ExtensibilityGlobals) = postSolution
		SolutionGuid = {CC3C4B7B-69C2-4AB9-965B-7F309D546639}
	EndGlobalSection
EndGlobal
